// !$*UTF8*$!
{
	archiveVersion = 1;
	classes = {
	};
	objectVersion = 56;
	objects = {

/* Begin PBXBuildFile section */
		27E1BE442BE32E0C008CE8E3 /* AppDelegate.swift in Sources */ = {isa = PBXBuildFile; fileRef = 27E1BE432BE32E0C008CE8E3 /* AppDelegate.swift */; };
		27E1BE4D2BE32E0D008CE8E3 /* Assets.xcassets in Resources */ = {isa = PBXBuildFile; fileRef = 27E1BE4C2BE32E0D008CE8E3 /* Assets.xcassets */; };
		27E1BE502BE32E0D008CE8E3 /* LaunchScreen.storyboard in Resources */ = {isa = PBXBuildFile; fileRef = 27E1BE4E2BE32E0D008CE8E3 /* LaunchScreen.storyboard */; };
		27E1BE5F2BE32F5B008CE8E3 /* App.swift in Sources */ = {isa = PBXBuildFile; fileRef = 27E1BE5E2BE32F5B008CE8E3 /* App.swift */; };
		27E1BE612BE32F81008CE8E3 /* App.Key.swift in Sources */ = {isa = PBXBuildFile; fileRef = 27E1BE602BE32F81008CE8E3 /* App.Key.swift */; };
		27E1BE632BE32F9F008CE8E3 /* App.Text.swift in Sources */ = {isa = PBXBuildFile; fileRef = 27E1BE622BE32F9F008CE8E3 /* App.Text.swift */; };
		27E1BE652BE32FBE008CE8E3 /* App.Color.swift in Sources */ = {isa = PBXBuildFile; fileRef = 27E1BE642BE32FBE008CE8E3 /* App.Color.swift */; };
		27E1BE682BE33019008CE8E3 /* BaseViewController.swift in Sources */ = {isa = PBXBuildFile; fileRef = 27E1BE672BE33019008CE8E3 /* BaseViewController.swift */; };
		27E1BE6A2BE3305D008CE8E3 /* BaseNavigationController.swift in Sources */ = {isa = PBXBuildFile; fileRef = 27E1BE692BE3305D008CE8E3 /* BaseNavigationController.swift */; };
		27E1BE6C2BE3306D008CE8E3 /* BaseTabBarController.swift in Sources */ = {isa = PBXBuildFile; fileRef = 27E1BE6B2BE3306D008CE8E3 /* BaseTabBarController.swift */; };
		27E1BE742BE3329F008CE8E3 /* Main.storyboard in Resources */ = {isa = PBXBuildFile; fileRef = 27E1BE722BE3329F008CE8E3 /* Main.storyboard */; };
		27E1BE752BE3329F008CE8E3 /* ViewController.swift in Sources */ = {isa = PBXBuildFile; fileRef = 27E1BE732BE3329F008CE8E3 /* ViewController.swift */; };
		52131332647F6F8BECB90916 /* Pods_News.framework in Frameworks */ = {isa = PBXBuildFile; fileRef = F28636623B6EBBC2ADA92EA7 /* Pods_News.framework */; };
		91415BDC2C61AD0A0058F1ED /* CustomNavBar.xib in Resources */ = {isa = PBXBuildFile; fileRef = 91415BDB2C61AD0A0058F1ED /* CustomNavBar.xib */; };
		91415BDE2C61AD3A0058F1ED /* CustomNavBar.swift in Sources */ = {isa = PBXBuildFile; fileRef = 91415BDD2C61AD3A0058F1ED /* CustomNavBar.swift */; };
		9146DCC52C61DA3F005E8950 /* ItemDetailComponent.swift in Sources */ = {isa = PBXBuildFile; fileRef = 9146DCC42C61DA3F005E8950 /* ItemDetailComponent.swift */; };
		9146DCC72C61DA56005E8950 /* ItemDetailComponent.xib in Resources */ = {isa = PBXBuildFile; fileRef = 9146DCC62C61DA56005E8950 /* ItemDetailComponent.xib */; };
		914C87FC2C625C0300D17504 /* DetailPokemonViewController.xib in Resources */ = {isa = PBXBuildFile; fileRef = 914C87FB2C625C0300D17504 /* DetailPokemonViewController.xib */; };
		914C87FD2C625C0300D17504 /* DetailPokemonViewController.swift in Sources */ = {isa = PBXBuildFile; fileRef = 914C87FA2C625C0300D17504 /* DetailPokemonViewController.swift */; };
		91CD9F5A2C63985900B9E061 /* DetailPokemonViewModel.swift in Sources */ = {isa = PBXBuildFile; fileRef = 91CD9F592C63985800B9E061 /* DetailPokemonViewModel.swift */; };
		91D4EFFA2C60F8B50063814A /* HomeViewController.xib in Resources */ = {isa = PBXBuildFile; fileRef = 91D4EFF92C60F8B50063814A /* HomeViewController.xib */; };
		91D4EFFB2C60F8B50063814A /* HomeViewController.swift in Sources */ = {isa = PBXBuildFile; fileRef = 91D4EFF82C60F8B50063814A /* HomeViewController.swift */; };
		91D4F0042C60F8DC0063814A /* VideoViewController.xib in Resources */ = {isa = PBXBuildFile; fileRef = 91D4F0032C60F8DC0063814A /* VideoViewController.xib */; };
		91D4F0052C60F8DC0063814A /* VideoViewController.swift in Sources */ = {isa = PBXBuildFile; fileRef = 91D4F0022C60F8DC0063814A /* VideoViewController.swift */; };
		91D4F0072C60FF990063814A /* Pokemon.swift in Sources */ = {isa = PBXBuildFile; fileRef = 91D4F0062C60FF930063814A /* Pokemon.swift */; };
		91D4F00A2C6101AF0063814A /* PokemonAPI.swift in Sources */ = {isa = PBXBuildFile; fileRef = 91D4F0092C6101AF0063814A /* PokemonAPI.swift */; };
		91D4F0142C610F510063814A /* PokemonCollectionViewCell.swift in Sources */ = {isa = PBXBuildFile; fileRef = 91D4F0122C610F510063814A /* PokemonCollectionViewCell.swift */; };
		91D4F0152C610F510063814A /* PokemonCollectionViewCell.xib in Resources */ = {isa = PBXBuildFile; fileRef = 91D4F0132C610F510063814A /* PokemonCollectionViewCell.xib */; };
		91D4F0182C610FA90063814A /* PokemonCard.swift in Sources */ = {isa = PBXBuildFile; fileRef = 91D4F0172C610FA90063814A /* PokemonCard.swift */; };
		91D4F0222C61135C0063814A /* PokemonTableViewCell.swift in Sources */ = {isa = PBXBuildFile; fileRef = 91D4F0202C61135C0063814A /* PokemonTableViewCell.swift */; };
		91D4F0232C61135C0063814A /* PokemonTableViewCell.xib in Resources */ = {isa = PBXBuildFile; fileRef = 91D4F0212C61135C0063814A /* PokemonTableViewCell.xib */; };
		91D4F0252C6114E80063814A /* PokemonCard.xib in Resources */ = {isa = PBXBuildFile; fileRef = 91D4F0242C6114E80063814A /* PokemonCard.xib */; };
		91D4F0282C6120E50063814A /* Extension.swift in Sources */ = {isa = PBXBuildFile; fileRef = 91D4F0272C6120E00063814A /* Extension.swift */; };
		91D4F02A2C612C860063814A /* PokemonViewModel.swift in Sources */ = {isa = PBXBuildFile; fileRef = 91D4F0292C612C7F0063814A /* PokemonViewModel.swift */; };
/* End PBXBuildFile section */

/* Begin PBXFileReference section */
		27E1BE402BE32E0C008CE8E3 /* News.app */ = {isa = PBXFileReference; explicitFileType = wrapper.application; includeInIndex = 0; path = News.app; sourceTree = BUILT_PRODUCTS_DIR; };
		27E1BE432BE32E0C008CE8E3 /* AppDelegate.swift */ = {isa = PBXFileReference; lastKnownFileType = sourcecode.swift; path = AppDelegate.swift; sourceTree = "<group>"; };
		27E1BE4C2BE32E0D008CE8E3 /* Assets.xcassets */ = {isa = PBXFileReference; lastKnownFileType = folder.assetcatalog; path = Assets.xcassets; sourceTree = "<group>"; };
		27E1BE4F2BE32E0D008CE8E3 /* Base */ = {isa = PBXFileReference; lastKnownFileType = file.storyboard; name = Base; path = Base.lproj/LaunchScreen.storyboard; sourceTree = "<group>"; };
		27E1BE512BE32E0D008CE8E3 /* Info.plist */ = {isa = PBXFileReference; lastKnownFileType = text.plist.xml; path = Info.plist; sourceTree = "<group>"; };
		27E1BE5E2BE32F5B008CE8E3 /* App.swift */ = {isa = PBXFileReference; lastKnownFileType = sourcecode.swift; path = App.swift; sourceTree = "<group>"; };
		27E1BE602BE32F81008CE8E3 /* App.Key.swift */ = {isa = PBXFileReference; lastKnownFileType = sourcecode.swift; path = App.Key.swift; sourceTree = "<group>"; };
		27E1BE622BE32F9F008CE8E3 /* App.Text.swift */ = {isa = PBXFileReference; lastKnownFileType = sourcecode.swift; path = App.Text.swift; sourceTree = "<group>"; };
		27E1BE642BE32FBE008CE8E3 /* App.Color.swift */ = {isa = PBXFileReference; lastKnownFileType = sourcecode.swift; path = App.Color.swift; sourceTree = "<group>"; };
		27E1BE672BE33019008CE8E3 /* BaseViewController.swift */ = {isa = PBXFileReference; lastKnownFileType = sourcecode.swift; path = BaseViewController.swift; sourceTree = "<group>"; };
		27E1BE692BE3305D008CE8E3 /* BaseNavigationController.swift */ = {isa = PBXFileReference; lastKnownFileType = sourcecode.swift; path = BaseNavigationController.swift; sourceTree = "<group>"; };
		27E1BE6B2BE3306D008CE8E3 /* BaseTabBarController.swift */ = {isa = PBXFileReference; lastKnownFileType = sourcecode.swift; path = BaseTabBarController.swift; sourceTree = "<group>"; };
		27E1BE722BE3329F008CE8E3 /* Main.storyboard */ = {isa = PBXFileReference; fileEncoding = 4; lastKnownFileType = file.storyboard; path = Main.storyboard; sourceTree = "<group>"; };
		27E1BE732BE3329F008CE8E3 /* ViewController.swift */ = {isa = PBXFileReference; fileEncoding = 4; lastKnownFileType = sourcecode.swift; path = ViewController.swift; sourceTree = "<group>"; };
		30B1B8F3BD80AE02DBFBD01A /* Pods-News.debug.xcconfig */ = {isa = PBXFileReference; includeInIndex = 1; lastKnownFileType = text.xcconfig; name = "Pods-News.debug.xcconfig"; path = "Target Support Files/Pods-News/Pods-News.debug.xcconfig"; sourceTree = "<group>"; };
		3B9454A0C273CDD7AAA9AAC0 /* Pods-News.release.xcconfig */ = {isa = PBXFileReference; includeInIndex = 1; lastKnownFileType = text.xcconfig; name = "Pods-News.release.xcconfig"; path = "Target Support Files/Pods-News/Pods-News.release.xcconfig"; sourceTree = "<group>"; };
		91415BDB2C61AD0A0058F1ED /* CustomNavBar.xib */ = {isa = PBXFileReference; lastKnownFileType = file.xib; path = CustomNavBar.xib; sourceTree = "<group>"; };
		91415BDD2C61AD3A0058F1ED /* CustomNavBar.swift */ = {isa = PBXFileReference; lastKnownFileType = sourcecode.swift; path = CustomNavBar.swift; sourceTree = "<group>"; };
		9146DCC42C61DA3F005E8950 /* ItemDetailComponent.swift */ = {isa = PBXFileReference; lastKnownFileType = sourcecode.swift; path = ItemDetailComponent.swift; sourceTree = "<group>"; };
		9146DCC62C61DA56005E8950 /* ItemDetailComponent.xib */ = {isa = PBXFileReference; lastKnownFileType = file.xib; path = ItemDetailComponent.xib; sourceTree = "<group>"; };
		914C87FA2C625C0300D17504 /* DetailPokemonViewController.swift */ = {isa = PBXFileReference; lastKnownFileType = sourcecode.swift; path = DetailPokemonViewController.swift; sourceTree = "<group>"; };
		914C87FB2C625C0300D17504 /* DetailPokemonViewController.xib */ = {isa = PBXFileReference; lastKnownFileType = file.xib; path = DetailPokemonViewController.xib; sourceTree = "<group>"; };
		91CD9F592C63985800B9E061 /* DetailPokemonViewModel.swift */ = {isa = PBXFileReference; lastKnownFileType = sourcecode.swift; path = DetailPokemonViewModel.swift; sourceTree = "<group>"; };
		91D4EFF82C60F8B50063814A /* HomeViewController.swift */ = {isa = PBXFileReference; lastKnownFileType = sourcecode.swift; path = HomeViewController.swift; sourceTree = "<group>"; };
		91D4EFF92C60F8B50063814A /* HomeViewController.xib */ = {isa = PBXFileReference; lastKnownFileType = file.xib; path = HomeViewController.xib; sourceTree = "<group>"; };
		91D4F0022C60F8DC0063814A /* VideoViewController.swift */ = {isa = PBXFileReference; lastKnownFileType = sourcecode.swift; path = VideoViewController.swift; sourceTree = "<group>"; };
		91D4F0032C60F8DC0063814A /* VideoViewController.xib */ = {isa = PBXFileReference; lastKnownFileType = file.xib; path = VideoViewController.xib; sourceTree = "<group>"; };
		91D4F0062C60FF930063814A /* Pokemon.swift */ = {isa = PBXFileReference; lastKnownFileType = sourcecode.swift; path = Pokemon.swift; sourceTree = "<group>"; };
		91D4F0092C6101AF0063814A /* PokemonAPI.swift */ = {isa = PBXFileReference; lastKnownFileType = sourcecode.swift; path = PokemonAPI.swift; sourceTree = "<group>"; };
		91D4F0122C610F510063814A /* PokemonCollectionViewCell.swift */ = {isa = PBXFileReference; lastKnownFileType = sourcecode.swift; path = PokemonCollectionViewCell.swift; sourceTree = "<group>"; };
		91D4F0132C610F510063814A /* PokemonCollectionViewCell.xib */ = {isa = PBXFileReference; lastKnownFileType = file.xib; path = PokemonCollectionViewCell.xib; sourceTree = "<group>"; };
		91D4F0172C610FA90063814A /* PokemonCard.swift */ = {isa = PBXFileReference; lastKnownFileType = sourcecode.swift; path = PokemonCard.swift; sourceTree = "<group>"; };
		91D4F0202C61135C0063814A /* PokemonTableViewCell.swift */ = {isa = PBXFileReference; lastKnownFileType = sourcecode.swift; path = PokemonTableViewCell.swift; sourceTree = "<group>"; };
		91D4F0212C61135C0063814A /* PokemonTableViewCell.xib */ = {isa = PBXFileReference; lastKnownFileType = file.xib; path = PokemonTableViewCell.xib; sourceTree = "<group>"; };
		91D4F0242C6114E80063814A /* PokemonCard.xib */ = {isa = PBXFileReference; lastKnownFileType = file.xib; path = PokemonCard.xib; sourceTree = "<group>"; };
		91D4F0272C6120E00063814A /* Extension.swift */ = {isa = PBXFileReference; lastKnownFileType = sourcecode.swift; path = Extension.swift; sourceTree = "<group>"; };
		91D4F0292C612C7F0063814A /* PokemonViewModel.swift */ = {isa = PBXFileReference; lastKnownFileType = sourcecode.swift; path = PokemonViewModel.swift; sourceTree = "<group>"; };
		F28636623B6EBBC2ADA92EA7 /* Pods_News.framework */ = {isa = PBXFileReference; explicitFileType = wrapper.framework; includeInIndex = 0; path = Pods_News.framework; sourceTree = BUILT_PRODUCTS_DIR; };
/* End PBXFileReference section */

/* Begin PBXFrameworksBuildPhase section */
		27E1BE3D2BE32E0C008CE8E3 /* Frameworks */ = {
			isa = PBXFrameworksBuildPhase;
			buildActionMask = 2147483647;
			files = (
				52131332647F6F8BECB90916 /* Pods_News.framework in Frameworks */,
			);
			runOnlyForDeploymentPostprocessing = 0;
		};
/* End PBXFrameworksBuildPhase section */

/* Begin PBXGroup section */
		069C869763B1E2CBD7749A77 /* Frameworks */ = {
			isa = PBXGroup;
			children = (
				F28636623B6EBBC2ADA92EA7 /* Pods_News.framework */,
			);
			name = Frameworks;
			sourceTree = "<group>";
		};
		2752C6442BE338E50077E949 /* VideoVC */ = {
			isa = PBXGroup;
			children = (
				91D4F0022C60F8DC0063814A /* VideoViewController.swift */,
				91D4F0032C60F8DC0063814A /* VideoViewController.xib */,
			);
			path = VideoVC;
			sourceTree = "<group>";
		};
		27E1BE372BE32E0C008CE8E3 = {
			isa = PBXGroup;
			children = (
				27E1BE422BE32E0C008CE8E3 /* News */,
				27E1BE412BE32E0C008CE8E3 /* Products */,
				2BD73F1615B417F23DD0DAEE /* Pods */,
				069C869763B1E2CBD7749A77 /* Frameworks */,
			);
			sourceTree = "<group>";
		};
		27E1BE412BE32E0C008CE8E3 /* Products */ = {
			isa = PBXGroup;
			children = (
				27E1BE402BE32E0C008CE8E3 /* News.app */,
			);
			name = Products;
			sourceTree = "<group>";
		};
		27E1BE422BE32E0C008CE8E3 /* News */ = {
			isa = PBXGroup;
			children = (
				27E1BE572BE32EE7008CE8E3 /* Project */,
				27E1BE512BE32E0D008CE8E3 /* Info.plist */,
			);
			path = News;
			sourceTree = "<group>";
		};
		27E1BE572BE32EE7008CE8E3 /* Project */ = {
			isa = PBXGroup;
			children = (
				91D4F0082C6101910063814A /* API */,
				27E1BE582BE32EFF008CE8E3 /* AppDelegate */,
				91D4F00B2C6104E20063814A /* Cell */,
				91D4F0162C610F930063814A /* Common */,
				27E1BE5A2BE32F12008CE8E3 /* Controllers */,
				27E1BE592BE32F09008CE8E3 /* Define */,
				91D4EFF72C60F86E0063814A /* Model */,
				27E1BE5D2BE32F28008CE8E3 /* Resources */,
				91D4EFF62C60F8670063814A /* ViewModel */,
			);
			path = Project;
			sourceTree = "<group>";
		};
		27E1BE582BE32EFF008CE8E3 /* AppDelegate */ = {
			isa = PBXGroup;
			children = (
				27E1BE432BE32E0C008CE8E3 /* AppDelegate.swift */,
				27E1BE4E2BE32E0D008CE8E3 /* LaunchScreen.storyboard */,
				27E1BE722BE3329F008CE8E3 /* Main.storyboard */,
				27E1BE732BE3329F008CE8E3 /* ViewController.swift */,
			);
			path = AppDelegate;
			sourceTree = "<group>";
		};
		27E1BE592BE32F09008CE8E3 /* Define */ = {
			isa = PBXGroup;
			children = (
				27E1BE5E2BE32F5B008CE8E3 /* App.swift */,
				27E1BE602BE32F81008CE8E3 /* App.Key.swift */,
				27E1BE622BE32F9F008CE8E3 /* App.Text.swift */,
				27E1BE642BE32FBE008CE8E3 /* App.Color.swift */,
			);
			path = Define;
			sourceTree = "<group>";
		};
		27E1BE5A2BE32F12008CE8E3 /* Controllers */ = {
			isa = PBXGroup;
			children = (
				91415BD32C61AA0B0058F1ED /* DetailPokemon */,
				27E1BE662BE33002008CE8E3 /* Base */,
				27E1BE6D2BE331CC008CE8E3 /* Home */,
				2752C6442BE338E50077E949 /* VideoVC */,
			);
			path = Controllers;
			sourceTree = "<group>";
		};
		27E1BE5D2BE32F28008CE8E3 /* Resources */ = {
			isa = PBXGroup;
			children = (
				27E1BE4C2BE32E0D008CE8E3 /* Assets.xcassets */,
			);
			path = Resources;
			sourceTree = "<group>";
		};
		27E1BE662BE33002008CE8E3 /* Base */ = {
			isa = PBXGroup;
			children = (
				27E1BE672BE33019008CE8E3 /* BaseViewController.swift */,
				27E1BE692BE3305D008CE8E3 /* BaseNavigationController.swift */,
				27E1BE6B2BE3306D008CE8E3 /* BaseTabBarController.swift */,
			);
			path = Base;
			sourceTree = "<group>";
		};
		27E1BE6D2BE331CC008CE8E3 /* Home */ = {
			isa = PBXGroup;
			children = (
				91D4EFF82C60F8B50063814A /* HomeViewController.swift */,
				91D4EFF92C60F8B50063814A /* HomeViewController.xib */,
			);
			path = Home;
			sourceTree = "<group>";
		};
		2BD73F1615B417F23DD0DAEE /* Pods */ = {
			isa = PBXGroup;
			children = (
				30B1B8F3BD80AE02DBFBD01A /* Pods-News.debug.xcconfig */,
				3B9454A0C273CDD7AAA9AAC0 /* Pods-News.release.xcconfig */,
			);
			path = Pods;
			sourceTree = "<group>";
		};
		91415BD32C61AA0B0058F1ED /* DetailPokemon */ = {
			isa = PBXGroup;
			children = (
				914C87FA2C625C0300D17504 /* DetailPokemonViewController.swift */,
				914C87FB2C625C0300D17504 /* DetailPokemonViewController.xib */,
			);
			path = DetailPokemon;
			sourceTree = "<group>";
		};
		91415BD82C61ACD80058F1ED /* CustomView */ = {
			isa = PBXGroup;
			children = (
				91415BDD2C61AD3A0058F1ED /* CustomNavBar.swift */,
				91415BDB2C61AD0A0058F1ED /* CustomNavBar.xib */,
			);
			path = CustomView;
			sourceTree = "<group>";
		};
		91D4EFF62C60F8670063814A /* ViewModel */ = {
			isa = PBXGroup;
			children = (
				91D4F0292C612C7F0063814A /* PokemonViewModel.swift */,
				91CD9F592C63985800B9E061 /* DetailPokemonViewModel.swift */,
			);
			path = ViewModel;
			sourceTree = "<group>";
		};
		91D4EFF72C60F86E0063814A /* Model */ = {
			isa = PBXGroup;
			children = (
				91D4F0062C60FF930063814A /* Pokemon.swift */,
			);
			path = Model;
			sourceTree = "<group>";
		};
		91D4F0082C6101910063814A /* API */ = {
			isa = PBXGroup;
			children = (
				91D4F0092C6101AF0063814A /* PokemonAPI.swift */,
			);
			path = API;
			sourceTree = "<group>";
		};
		91D4F00B2C6104E20063814A /* Cell */ = {
			isa = PBXGroup;
			children = (
				91D4F0112C610F370063814A /* CollectionView */,
				91D4F00C2C6104E70063814A /* TableViewCell */,
			);
			path = Cell;
			sourceTree = "<group>";
		};
		91D4F00C2C6104E70063814A /* TableViewCell */ = {
			isa = PBXGroup;
			children = (
				91D4F0202C61135C0063814A /* PokemonTableViewCell.swift */,
				91D4F0212C61135C0063814A /* PokemonTableViewCell.xib */,
			);
			path = TableViewCell;
			sourceTree = "<group>";
		};
		91D4F0112C610F370063814A /* CollectionView */ = {
			isa = PBXGroup;
			children = (
				91D4F0122C610F510063814A /* PokemonCollectionViewCell.swift */,
				91D4F0132C610F510063814A /* PokemonCollectionViewCell.xib */,
			);
			path = CollectionView;
			sourceTree = "<group>";
		};
		91D4F0162C610F930063814A /* Common */ = {
			isa = PBXGroup;
			children = (
				91415BD82C61ACD80058F1ED /* CustomView */,
				91D4F0262C6120D20063814A /* Extension */,
				91D4F01F2C610FED0063814A /* Component */,
			);
			path = Common;
			sourceTree = "<group>";
		};
		91D4F01F2C610FED0063814A /* Component */ = {
			isa = PBXGroup;
			children = (
				91D4F0172C610FA90063814A /* PokemonCard.swift */,
				91D4F0242C6114E80063814A /* PokemonCard.xib */,
				9146DCC42C61DA3F005E8950 /* ItemDetailComponent.swift */,
				9146DCC62C61DA56005E8950 /* ItemDetailComponent.xib */,
			);
			path = Component;
			sourceTree = "<group>";
		};
		91D4F0262C6120D20063814A /* Extension */ = {
			isa = PBXGroup;
			children = (
				91D4F0272C6120E00063814A /* Extension.swift */,
			);
			path = Extension;
			sourceTree = "<group>";
		};
/* End PBXGroup section */

/* Begin PBXNativeTarget section */
		27E1BE3F2BE32E0C008CE8E3 /* News */ = {
			isa = PBXNativeTarget;
			buildConfigurationList = 27E1BE542BE32E0D008CE8E3 /* Build configuration list for PBXNativeTarget "News" */;
			buildPhases = (
				050AB0C76F5D02BB77DF1E32 /* [CP] Check Pods Manifest.lock */,
				27E1BE3C2BE32E0C008CE8E3 /* Sources */,
				27E1BE3D2BE32E0C008CE8E3 /* Frameworks */,
				27E1BE3E2BE32E0C008CE8E3 /* Resources */,
			);
			buildRules = (
			);
			dependencies = (
			);
			name = News;
			productName = News;
			productReference = 27E1BE402BE32E0C008CE8E3 /* News.app */;
			productType = "com.apple.product-type.application";
		};
/* End PBXNativeTarget section */

/* Begin PBXProject section */
		27E1BE382BE32E0C008CE8E3 /* Project object */ = {
			isa = PBXProject;
			attributes = {
				BuildIndependentTargetsInParallel = 1;
				LastSwiftUpdateCheck = 1500;
				LastUpgradeCheck = 1500;
				TargetAttributes = {
					27E1BE3F2BE32E0C008CE8E3 = {
						CreatedOnToolsVersion = 15.0.1;
					};
				};
			};
			buildConfigurationList = 27E1BE3B2BE32E0C008CE8E3 /* Build configuration list for PBXProject "News" */;
			compatibilityVersion = "Xcode 14.0";
			developmentRegion = en;
			hasScannedForEncodings = 0;
			knownRegions = (
				en,
				Base,
			);
			mainGroup = 27E1BE372BE32E0C008CE8E3;
			productRefGroup = 27E1BE412BE32E0C008CE8E3 /* Products */;
			projectDirPath = "";
			projectRoot = "";
			targets = (
				27E1BE3F2BE32E0C008CE8E3 /* News */,
			);
		};
/* End PBXProject section */

/* Begin PBXResourcesBuildPhase section */
		27E1BE3E2BE32E0C008CE8E3 /* Resources */ = {
			isa = PBXResourcesBuildPhase;
			buildActionMask = 2147483647;
			files = (
				27E1BE502BE32E0D008CE8E3 /* LaunchScreen.storyboard in Resources */,
				27E1BE4D2BE32E0D008CE8E3 /* Assets.xcassets in Resources */,
				91D4F0042C60F8DC0063814A /* VideoViewController.xib in Resources */,
				91415BDC2C61AD0A0058F1ED /* CustomNavBar.xib in Resources */,
				91D4F0252C6114E80063814A /* PokemonCard.xib in Resources */,
				91D4F0152C610F510063814A /* PokemonCollectionViewCell.xib in Resources */,
				91D4F0232C61135C0063814A /* PokemonTableViewCell.xib in Resources */,
				27E1BE742BE3329F008CE8E3 /* Main.storyboard in Resources */,
				9146DCC72C61DA56005E8950 /* ItemDetailComponent.xib in Resources */,
				91D4EFFA2C60F8B50063814A /* HomeViewController.xib in Resources */,
				914C87FC2C625C0300D17504 /* DetailPokemonViewController.xib in Resources */,
			);
			runOnlyForDeploymentPostprocessing = 0;
		};
/* End PBXResourcesBuildPhase section */

/* Begin PBXShellScriptBuildPhase section */
		050AB0C76F5D02BB77DF1E32 /* [CP] Check Pods Manifest.lock */ = {
			isa = PBXShellScriptBuildPhase;
			buildActionMask = 2147483647;
			files = (
			);
			inputFileListPaths = (
			);
			inputPaths = (
				"${PODS_PODFILE_DIR_PATH}/Podfile.lock",
				"${PODS_ROOT}/Manifest.lock",
			);
			name = "[CP] Check Pods Manifest.lock";
			outputFileListPaths = (
			);
			outputPaths = (
				"$(DERIVED_FILE_DIR)/Pods-News-checkManifestLockResult.txt",
			);
			runOnlyForDeploymentPostprocessing = 0;
			shellPath = /bin/sh;
			shellScript = "diff \"${PODS_PODFILE_DIR_PATH}/Podfile.lock\" \"${PODS_ROOT}/Manifest.lock\" > /dev/null\nif [ $? != 0 ] ; then\n    # print error to STDERR\n    echo \"error: The sandbox is not in sync with the Podfile.lock. Run 'pod install' or update your CocoaPods installation.\" >&2\n    exit 1\nfi\n# This output is used by Xcode 'outputs' to avoid re-running this script phase.\necho \"SUCCESS\" > \"${SCRIPT_OUTPUT_FILE_0}\"\n";
			showEnvVarsInLog = 0;
		};
/* End PBXShellScriptBuildPhase section */

/* Begin PBXSourcesBuildPhase section */
		27E1BE3C2BE32E0C008CE8E3 /* Sources */ = {
			isa = PBXSourcesBuildPhase;
			buildActionMask = 2147483647;
			files = (
				27E1BE752BE3329F008CE8E3 /* ViewController.swift in Sources */,
				91D4F0222C61135C0063814A /* PokemonTableViewCell.swift in Sources */,
				9146DCC52C61DA3F005E8950 /* ItemDetailComponent.swift in Sources */,
				27E1BE6A2BE3305D008CE8E3 /* BaseNavigationController.swift in Sources */,
				914C87FD2C625C0300D17504 /* DetailPokemonViewController.swift in Sources */,
				91CD9F5A2C63985900B9E061 /* DetailPokemonViewModel.swift in Sources */,
				91D4F0052C60F8DC0063814A /* VideoViewController.swift in Sources */,
				27E1BE612BE32F81008CE8E3 /* App.Key.swift in Sources */,
				27E1BE6C2BE3306D008CE8E3 /* BaseTabBarController.swift in Sources */,
				27E1BE5F2BE32F5B008CE8E3 /* App.swift in Sources */,
				91D4EFFB2C60F8B50063814A /* HomeViewController.swift in Sources */,
				27E1BE632BE32F9F008CE8E3 /* App.Text.swift in Sources */,
				91D4F0072C60FF990063814A /* Pokemon.swift in Sources */,
				91D4F0282C6120E50063814A /* Extension.swift in Sources */,
				91D4F00A2C6101AF0063814A /* PokemonAPI.swift in Sources */,
				27E1BE652BE32FBE008CE8E3 /* App.Color.swift in Sources */,
				27E1BE682BE33019008CE8E3 /* BaseViewController.swift in Sources */,
				91415BDE2C61AD3A0058F1ED /* CustomNavBar.swift in Sources */,
				91D4F02A2C612C860063814A /* PokemonViewModel.swift in Sources */,
				91D4F0142C610F510063814A /* PokemonCollectionViewCell.swift in Sources */,
				27E1BE442BE32E0C008CE8E3 /* AppDelegate.swift in Sources */,
				91D4F0182C610FA90063814A /* PokemonCard.swift in Sources */,
			);
			runOnlyForDeploymentPostprocessing = 0;
		};
/* End PBXSourcesBuildPhase section */

/* Begin PBXVariantGroup section */
		27E1BE4E2BE32E0D008CE8E3 /* LaunchScreen.storyboard */ = {
			isa = PBXVariantGroup;
			children = (
				27E1BE4F2BE32E0D008CE8E3 /* Base */,
			);
			name = LaunchScreen.storyboard;
			sourceTree = "<group>";
		};
/* End PBXVariantGroup section */

/* Begin XCBuildConfiguration section */
		27E1BE522BE32E0D008CE8E3 /* Debug */ = {
			isa = XCBuildConfiguration;
			buildSettings = {
				ALWAYS_SEARCH_USER_PATHS = NO;
				ASSETCATALOG_COMPILER_GENERATE_SWIFT_ASSET_SYMBOL_EXTENSIONS = YES;
				CLANG_ANALYZER_NONNULL = YES;
				CLANG_ANALYZER_NUMBER_OBJECT_CONVERSION = YES_AGGRESSIVE;
				CLANG_CXX_LANGUAGE_STANDARD = "gnu++20";
				CLANG_ENABLE_MODULES = YES;
				CLANG_ENABLE_OBJC_ARC = YES;
				CLANG_ENABLE_OBJC_WEAK = YES;
				CLANG_WARN_BLOCK_CAPTURE_AUTORELEASING = YES;
				CLANG_WARN_BOOL_CONVERSION = YES;
				CLANG_WARN_COMMA = YES;
				CLANG_WARN_CONSTANT_CONVERSION = YES;
				CLANG_WARN_DEPRECATED_OBJC_IMPLEMENTATIONS = YES;
				CLANG_WARN_DIRECT_OBJC_ISA_USAGE = YES_ERROR;
				CLANG_WARN_DOCUMENTATION_COMMENTS = YES;
				CLANG_WARN_EMPTY_BODY = YES;
				CLANG_WARN_ENUM_CONVERSION = YES;
				CLANG_WARN_INFINITE_RECURSION = YES;
				CLANG_WARN_INT_CONVERSION = YES;
				CLANG_WARN_NON_LITERAL_NULL_CONVERSION = YES;
				CLANG_WARN_OBJC_IMPLICIT_RETAIN_SELF = YES;
				CLANG_WARN_OBJC_LITERAL_CONVERSION = YES;
				CLANG_WARN_OBJC_ROOT_CLASS = YES_ERROR;
				CLANG_WARN_QUOTED_INCLUDE_IN_FRAMEWORK_HEADER = YES;
				CLANG_WARN_RANGE_LOOP_ANALYSIS = YES;
				CLANG_WARN_STRICT_PROTOTYPES = YES;
				CLANG_WARN_SUSPICIOUS_MOVE = YES;
				CLANG_WARN_UNGUARDED_AVAILABILITY = YES_AGGRESSIVE;
				CLANG_WARN_UNREACHABLE_CODE = YES;
				CLANG_WARN__DUPLICATE_METHOD_MATCH = YES;
				COPY_PHASE_STRIP = NO;
				DEBUG_INFORMATION_FORMAT = dwarf;
				ENABLE_STRICT_OBJC_MSGSEND = YES;
				ENABLE_TESTABILITY = YES;
				ENABLE_USER_SCRIPT_SANDBOXING = YES;
				GCC_C_LANGUAGE_STANDARD = gnu17;
				GCC_DYNAMIC_NO_PIC = NO;
				GCC_NO_COMMON_BLOCKS = YES;
				GCC_OPTIMIZATION_LEVEL = 0;
				GCC_PREPROCESSOR_DEFINITIONS = (
					"DEBUG=1",
					"$(inherited)",
				);
				GCC_WARN_64_TO_32_BIT_CONVERSION = YES;
				GCC_WARN_ABOUT_RETURN_TYPE = YES_ERROR;
				GCC_WARN_UNDECLARED_SELECTOR = YES;
				GCC_WARN_UNINITIALIZED_AUTOS = YES_AGGRESSIVE;
				GCC_WARN_UNUSED_FUNCTION = YES;
				GCC_WARN_UNUSED_VARIABLE = YES;
				IPHONEOS_DEPLOYMENT_TARGET = 17.0;
				LOCALIZATION_PREFERS_STRING_CATALOGS = YES;
				MTL_ENABLE_DEBUG_INFO = INCLUDE_SOURCE;
				MTL_FAST_MATH = YES;
				ONLY_ACTIVE_ARCH = YES;
				SDKROOT = iphoneos;
				SWIFT_ACTIVE_COMPILATION_CONDITIONS = "DEBUG $(inherited)";
				SWIFT_OPTIMIZATION_LEVEL = "-Onone";
			};
			name = Debug;
		};
		27E1BE532BE32E0D008CE8E3 /* Release */ = {
			isa = XCBuildConfiguration;
			buildSettings = {
				ALWAYS_SEARCH_USER_PATHS = NO;
				ASSETCATALOG_COMPILER_GENERATE_SWIFT_ASSET_SYMBOL_EXTENSIONS = YES;
				CLANG_ANALYZER_NONNULL = YES;
				CLANG_ANALYZER_NUMBER_OBJECT_CONVERSION = YES_AGGRESSIVE;
				CLANG_CXX_LANGUAGE_STANDARD = "gnu++20";
				CLANG_ENABLE_MODULES = YES;
				CLANG_ENABLE_OBJC_ARC = YES;
				CLANG_ENABLE_OBJC_WEAK = YES;
				CLANG_WARN_BLOCK_CAPTURE_AUTORELEASING = YES;
				CLANG_WARN_BOOL_CONVERSION = YES;
				CLANG_WARN_COMMA = YES;
				CLANG_WARN_CONSTANT_CONVERSION = YES;
				CLANG_WARN_DEPRECATED_OBJC_IMPLEMENTATIONS = YES;
				CLANG_WARN_DIRECT_OBJC_ISA_USAGE = YES_ERROR;
				CLANG_WARN_DOCUMENTATION_COMMENTS = YES;
				CLANG_WARN_EMPTY_BODY = YES;
				CLANG_WARN_ENUM_CONVERSION = YES;
				CLANG_WARN_INFINITE_RECURSION = YES;
				CLANG_WARN_INT_CONVERSION = YES;
				CLANG_WARN_NON_LITERAL_NULL_CONVERSION = YES;
				CLANG_WARN_OBJC_IMPLICIT_RETAIN_SELF = YES;
				CLANG_WARN_OBJC_LITERAL_CONVERSION = YES;
				CLANG_WARN_OBJC_ROOT_CLASS = YES_ERROR;
				CLANG_WARN_QUOTED_INCLUDE_IN_FRAMEWORK_HEADER = YES;
				CLANG_WARN_RANGE_LOOP_ANALYSIS = YES;
				CLANG_WARN_STRICT_PROTOTYPES = YES;
				CLANG_WARN_SUSPICIOUS_MOVE = YES;
				CLANG_WARN_UNGUARDED_AVAILABILITY = YES_AGGRESSIVE;
				CLANG_WARN_UNREACHABLE_CODE = YES;
				CLANG_WARN__DUPLICATE_METHOD_MATCH = YES;
				COPY_PHASE_STRIP = NO;
				DEBUG_INFORMATION_FORMAT = "dwarf-with-dsym";
				ENABLE_NS_ASSERTIONS = NO;
				ENABLE_STRICT_OBJC_MSGSEND = YES;
				ENABLE_USER_SCRIPT_SANDBOXING = YES;
				GCC_C_LANGUAGE_STANDARD = gnu17;
				GCC_NO_COMMON_BLOCKS = YES;
				GCC_WARN_64_TO_32_BIT_CONVERSION = YES;
				GCC_WARN_ABOUT_RETURN_TYPE = YES_ERROR;
				GCC_WARN_UNDECLARED_SELECTOR = YES;
				GCC_WARN_UNINITIALIZED_AUTOS = YES_AGGRESSIVE;
				GCC_WARN_UNUSED_FUNCTION = YES;
				GCC_WARN_UNUSED_VARIABLE = YES;
				IPHONEOS_DEPLOYMENT_TARGET = 17.0;
				LOCALIZATION_PREFERS_STRING_CATALOGS = YES;
				MTL_ENABLE_DEBUG_INFO = NO;
				MTL_FAST_MATH = YES;
				SDKROOT = iphoneos;
				SWIFT_COMPILATION_MODE = wholemodule;
				VALIDATE_PRODUCT = YES;
			};
			name = Release;
		};
		27E1BE552BE32E0D008CE8E3 /* Debug */ = {
			isa = XCBuildConfiguration;
			baseConfigurationReference = 30B1B8F3BD80AE02DBFBD01A /* Pods-News.debug.xcconfig */;
			buildSettings = {
				ASSETCATALOG_COMPILER_APPICON_NAME = AppIcon;
				ASSETCATALOG_COMPILER_GLOBAL_ACCENT_COLOR_NAME = AccentColor;
				CODE_SIGN_STYLE = Automatic;
				CURRENT_PROJECT_VERSION = 1;
				DEVELOPMENT_TEAM = 729ZBRHXTM;
				GENERATE_INFOPLIST_FILE = YES;
				INFOPLIST_FILE = News/Info.plist;
				INFOPLIST_KEY_UIApplicationSupportsIndirectInputEvents = YES;
				INFOPLIST_KEY_UILaunchStoryboardName = LaunchScreen;
				INFOPLIST_KEY_UIMainStoryboardFile = Main;
				INFOPLIST_KEY_UISupportedInterfaceOrientations_iPad = "UIInterfaceOrientationPortrait UIInterfaceOrientationPortraitUpsideDown UIInterfaceOrientationLandscapeLeft UIInterfaceOrientationLandscapeRight";
				INFOPLIST_KEY_UISupportedInterfaceOrientations_iPhone = "UIInterfaceOrientationPortrait UIInterfaceOrientationLandscapeLeft UIInterfaceOrientationLandscapeRight";
				IPHONEOS_DEPLOYMENT_TARGET = 12.0;
				LD_RUNPATH_SEARCH_PATHS = (
					"$(inherited)",
					"@executable_path/Frameworks",
				);
				MARKETING_VERSION = 1.0;
				PRODUCT_BUNDLE_IDENTIFIER = com.mypro.News;
				PRODUCT_NAME = "$(TARGET_NAME)";
				SWIFT_EMIT_LOC_STRINGS = YES;
				SWIFT_VERSION = 5.0;
				TARGETED_DEVICE_FAMILY = "1,2";
			};
			name = Debug;
		};
		27E1BE562BE32E0D008CE8E3 /* Release */ = {
			isa = XCBuildConfiguration;
			baseConfigurationReference = 3B9454A0C273CDD7AAA9AAC0 /* Pods-News.release.xcconfig */;
			buildSettings = {
				ASSETCATALOG_COMPILER_APPICON_NAME = AppIcon;
				ASSETCATALOG_COMPILER_GLOBAL_ACCENT_COLOR_NAME = AccentColor;
				CODE_SIGN_STYLE = Automatic;
				CURRENT_PROJECT_VERSION = 1;
				DEVELOPMENT_TEAM = 729ZBRHXTM;
				GENERATE_INFOPLIST_FILE = YES;
				INFOPLIST_FILE = News/Info.plist;
				INFOPLIST_KEY_UIApplicationSupportsIndirectInputEvents = YES;
				INFOPLIST_KEY_UILaunchStoryboardName = LaunchScreen;
				INFOPLIST_KEY_UIMainStoryboardFile = Main;
				INFOPLIST_KEY_UISupportedInterfaceOrientations_iPad = "UIInterfaceOrientationPortrait UIInterfaceOrientationPortraitUpsideDown UIInterfaceOrientationLandscapeLeft UIInterfaceOrientationLandscapeRight";
				INFOPLIST_KEY_UISupportedInterfaceOrientations_iPhone = "UIInterfaceOrientationPortrait UIInterfaceOrientationLandscapeLeft UIInterfaceOrientationLandscapeRight";
				IPHONEOS_DEPLOYMENT_TARGET = 12.0;
				LD_RUNPATH_SEARCH_PATHS = (
					"$(inherited)",
					"@executable_path/Frameworks",
				);
				MARKETING_VERSION = 1.0;
				PRODUCT_BUNDLE_IDENTIFIER = com.mypro.News;
				PRODUCT_NAME = "$(TARGET_NAME)";
				SWIFT_EMIT_LOC_STRINGS = YES;
				SWIFT_VERSION = 5.0;
				TARGETED_DEVICE_FAMILY = "1,2";
			};
			name = Release;
		};
/* End XCBuildConfiguration section */

/* Begin XCConfigurationList section */
		27E1BE3B2BE32E0C008CE8E3 /* Build configuration list for PBXProject "News" */ = {
			isa = XCConfigurationList;
			buildConfigurations = (
				27E1BE522BE32E0D008CE8E3 /* Debug */,
				27E1BE532BE32E0D008CE8E3 /* Release */,
			);
			defaultConfigurationIsVisible = 0;
			defaultConfigurationName = Release;
		};
		27E1BE542BE32E0D008CE8E3 /* Build configuration list for PBXNativeTarget "News" */ = {
			isa = XCConfigurationList;
			buildConfigurations = (
				27E1BE552BE32E0D008CE8E3 /* Debug */,
				27E1BE562BE32E0D008CE8E3 /* Release */,
			);
			defaultConfigurationIsVisible = 0;
			defaultConfigurationName = Release;
		};
/* End XCConfigurationList section */
	};
	rootObject = 27E1BE382BE32E0C008CE8E3 /* Project object */;
}
